// !$*UTF8*$!
{
	archiveVersion = 1;
	classes = {
	};
	objectVersion = 46;
	objects = {

/* Begin PBXBuildFile section */
		5E3ADEDF1A187A8300B4A10C /* AppDelegate.swift in Sources */ = {isa = PBXBuildFile; fileRef = 5E3ADEDE1A187A8300B4A10C /* AppDelegate.swift */; };
		5E3ADEE11A187A8300B4A10C /* ViewController.swift in Sources */ = {isa = PBXBuildFile; fileRef = 5E3ADEE01A187A8300B4A10C /* ViewController.swift */; };
		5E3ADEE41A187A8300B4A10C /* Main.storyboard in Resources */ = {isa = PBXBuildFile; fileRef = 5E3ADEE21A187A8300B4A10C /* Main.storyboard */; };
		5E3ADEE61A187A8300B4A10C /* Images.xcassets in Resources */ = {isa = PBXBuildFile; fileRef = 5E3ADEE51A187A8300B4A10C /* Images.xcassets */; };
		5E3ADEE91A187A8300B4A10C /* LaunchScreen.xib in Resources */ = {isa = PBXBuildFile; fileRef = 5E3ADEE71A187A8300B4A10C /* LaunchScreen.xib */; };
		5E3ADEF51A187A8300B4A10C /* StopWatchTests.swift in Sources */ = {isa = PBXBuildFile; fileRef = 5E3ADEF41A187A8300B4A10C /* StopWatchTests.swift */; };
/* End PBXBuildFile section */

/* Begin PBXContainerItemProxy section */
		5E3ADEEF1A187A8300B4A10C /* PBXContainerItemProxy */ = {
			isa = PBXContainerItemProxy;
			containerPortal = 5E3ADED11A187A8300B4A10C /* Project object */;
			proxyType = 1;
			remoteGlobalIDString = 5E3ADED81A187A8300B4A10C;
			remoteInfo = StopWatch;
		};
/* End PBXContainerItemProxy section */

/* Begin PBXFileReference section */
		5E3ADED91A187A8300B4A10C /* StopWatch.app */ = {isa = PBXFileReference; explicitFileType = wrapper.application; includeInIndex = 0; path = StopWatch.app; sourceTree = BUILT_PRODUCTS_DIR; };
		5E3ADEDD1A187A8300B4A10C /* Info.plist */ = {isa = PBXFileReference; lastKnownFileType = text.plist.xml; path = Info.plist; sourceTree = "<group>"; };
		5E3ADEDE1A187A8300B4A10C /* AppDelegate.swift */ = {isa = PBXFileReference; lastKnownFileType = sourcecode.swift; path = AppDelegate.swift; sourceTree = "<group>"; };
		5E3ADEE01A187A8300B4A10C /* ViewController.swift */ = {isa = PBXFileReference; lastKnownFileType = sourcecode.swift; path = ViewController.swift; sourceTree = "<group>"; };
		5E3ADEE31A187A8300B4A10C /* Base */ = {isa = PBXFileReference; lastKnownFileType = file.storyboard; name = Base; path = Base.lproj/Main.storyboard; sourceTree = "<group>"; };
		5E3ADEE51A187A8300B4A10C /* Images.xcassets */ = {isa = PBXFileReference; lastKnownFileType = folder.assetcatalog; path = Images.xcassets; sourceTree = "<group>"; };
		5E3ADEE81A187A8300B4A10C /* Base */ = {isa = PBXFileReference; lastKnownFileType = file.xib; name = Base; path = Base.lproj/LaunchScreen.xib; sourceTree = "<group>"; };
		5E3ADEEE1A187A8300B4A10C /* StopWatchTests.xctest */ = {isa = PBXFileReference; explicitFileType = wrapper.cfbundle; includeInIndex = 0; path = StopWatchTests.xctest; sourceTree = BUILT_PRODUCTS_DIR; };
		5E3ADEF31A187A8300B4A10C /* Info.plist */ = {isa = PBXFileReference; lastKnownFileType = text.plist.xml; path = Info.plist; sourceTree = "<group>"; };
		5E3ADEF41A187A8300B4A10C /* StopWatchTests.swift */ = {isa = PBXFileReference; lastKnownFileType = sourcecode.swift; path = StopWatchTests.swift; sourceTree = "<group>"; };
/* End PBXFileReference section */

/* Begin PBXFrameworksBuildPhase section */
		5E3ADED61A187A8300B4A10C /* Frameworks */ = {
			isa = PBXFrameworksBuildPhase;
			buildActionMask = 2147483647;
			files = (
			);
			runOnlyForDeploymentPostprocessing = 0;
		};
		5E3ADEEB1A187A8300B4A10C /* Frameworks */ = {
			isa = PBXFrameworksBuildPhase;
			buildActionMask = 2147483647;
			files = (
			);
			runOnlyForDeploymentPostprocessing = 0;
		};
/* End PBXFrameworksBuildPhase section */

/* Begin PBXGroup section */
		5E3ADED01A187A8300B4A10C = {
			isa = PBXGroup;
			children = (
				5E3ADEDB1A187A8300B4A10C /* StopWatch */,
				5E3ADEF11A187A8300B4A10C /* StopWatchTests */,
				5E3ADEDA1A187A8300B4A10C /* Products */,
			);
			sourceTree = "<group>";
		};
		5E3ADEDA1A187A8300B4A10C /* Products */ = {
			isa = PBXGroup;
			children = (
				5E3ADED91A187A8300B4A10C /* StopWatch.app */,
				5E3ADEEE1A187A8300B4A10C /* StopWatchTests.xctest */,
			);
			name = Products;
			sourceTree = "<group>";
		};
		5E3ADEDB1A187A8300B4A10C /* StopWatch */ = {
			isa = PBXGroup;
			children = (
				5E3ADEDE1A187A8300B4A10C /* AppDelegate.swift */,
				5E3ADEE01A187A8300B4A10C /* ViewController.swift */,
				5E3ADEE21A187A8300B4A10C /* Main.storyboard */,
				5E3ADEE51A187A8300B4A10C /* Images.xcassets */,
				5E3ADEE71A187A8300B4A10C /* LaunchScreen.xib */,
				5E3ADEDC1A187A8300B4A10C /* Supporting Files */,
			);
			path = StopWatch;
			sourceTree = "<group>";
		};
		5E3ADEDC1A187A8300B4A10C /* Supporting Files */ = {
			isa = PBXGroup;
			children = (
				5E3ADEDD1A187A8300B4A10C /* Info.plist */,
			);
			name = "Supporting Files";
			sourceTree = "<group>";
		};
		5E3ADEF11A187A8300B4A10C /* StopWatchTests */ = {
			isa = PBXGroup;
			children = (
				5E3ADEF41A187A8300B4A10C /* StopWatchTests.swift */,
				5E3ADEF21A187A8300B4A10C /* Supporting Files */,
			);
			path = StopWatchTests;
			sourceTree = "<group>";
		};
		5E3ADEF21A187A8300B4A10C /* Supporting Files */ = {
			isa = PBXGroup;
			children = (
				5E3ADEF31A187A8300B4A10C /* Info.plist */,
			);
			name = "Supporting Files";
			sourceTree = "<group>";
		};
/* End PBXGroup section */

/* Begin PBXNativeTarget section */
		5E3ADED81A187A8300B4A10C /* StopWatch */ = {
			isa = PBXNativeTarget;
			buildConfigurationList = 5E3ADEF81A187A8300B4A10C /* Build configuration list for PBXNativeTarget "StopWatch" */;
			buildPhases = (
				5E3ADED51A187A8300B4A10C /* Sources */,
				5E3ADED61A187A8300B4A10C /* Frameworks */,
				5E3ADED71A187A8300B4A10C /* Resources */,
			);
			buildRules = (
			);
			dependencies = (
			);
			name = StopWatch;
			productName = StopWatch;
			productReference = 5E3ADED91A187A8300B4A10C /* StopWatch.app */;
			productType = "com.apple.product-type.application";
		};
		5E3ADEED1A187A8300B4A10C /* StopWatchTests */ = {
			isa = PBXNativeTarget;
			buildConfigurationList = 5E3ADEFB1A187A8300B4A10C /* Build configuration list for PBXNativeTarget "StopWatchTests" */;
			buildPhases = (
				5E3ADEEA1A187A8300B4A10C /* Sources */,
				5E3ADEEB1A187A8300B4A10C /* Frameworks */,
				5E3ADEEC1A187A8300B4A10C /* Resources */,
			);
			buildRules = (
			);
			dependencies = (
				5E3ADEF01A187A8300B4A10C /* PBXTargetDependency */,
			);
			name = StopWatchTests;
			productName = StopWatchTests;
			productReference = 5E3ADEEE1A187A8300B4A10C /* StopWatchTests.xctest */;
			productType = "com.apple.product-type.bundle.unit-test";
		};
/* End PBXNativeTarget section */

/* Begin PBXProject section */
		5E3ADED11A187A8300B4A10C /* Project object */ = {
			isa = PBXProject;
			attributes = {
				LastUpgradeCheck = 0610;
				ORGANIZATIONNAME = davidforlove;
				TargetAttributes = {
					5E3ADED81A187A8300B4A10C = {
						CreatedOnToolsVersion = 6.1;
					};
					5E3ADEED1A187A8300B4A10C = {
						CreatedOnToolsVersion = 6.1;
						TestTargetID = 5E3ADED81A187A8300B4A10C;
					};
				};
			};
			buildConfigurationList = 5E3ADED41A187A8300B4A10C /* Build configuration list for PBXProject "StopWatch" */;
			compatibilityVersion = "Xcode 3.2";
			developmentRegion = English;
			hasScannedForEncodings = 0;
			knownRegions = (
				en,
				Base,
			);
			mainGroup = 5E3ADED01A187A8300B4A10C;
			productRefGroup = 5E3ADEDA1A187A8300B4A10C /* Products */;
			projectDirPath = "";
			projectRoot = "";
			targets = (
				5E3ADED81A187A8300B4A10C /* StopWatch */,
				5E3ADEED1A187A8300B4A10C /* StopWatchTests */,
			);
		};
/* End PBXProject section */

/* Begin PBXResourcesBuildPhase section */
		5E3ADED71A187A8300B4A10C /* Resources */ = {
			isa = PBXResourcesBuildPhase;
			buildActionMask = 2147483647;
			files = (
				5E3ADEE41A187A8300B4A10C /* Main.storyboard in Resources */,
				5E3ADEE91A187A8300B4A10C /* LaunchScreen.xib in Resources */,
				5E3ADEE61A187A8300B4A10C /* Images.xcassets in Resources */,
			);
			runOnlyForDeploymentPostprocessing = 0;
		};
		5E3ADEEC1A187A8300B4A10C /* Resources */ = {
			isa = PBXResourcesBuildPhase;
			buildActionMask = 2147483647;
			files = (
			);
			runOnlyForDeploymentPostprocessing = 0;
		};
/* End PBXResourcesBuildPhase section */

/* Begin PBXSourcesBuildPhase section */
		5E3ADED51A187A8300B4A10C /* Sources */ = {
			isa = PBXSourcesBuildPhase;
			buildActionMask = 2147483647;
			files = (
				5E3ADEE11A187A8300B4A10C /* ViewController.swift in Sources */,
				5E3ADEDF1A187A8300B4A10C /* AppDelegate.swift in Sources */,
			);
			runOnlyForDeploymentPostprocessing = 0;
		};
		5E3ADEEA1A187A8300B4A10C /* Sources */ = {
			isa = PBXSourcesBuildPhase;
			buildActionMask = 2147483647;
			files = (
				5E3ADEF51A187A8300B4A10C /* StopWatchTests.swift in Sources */,
			);
			runOnlyForDeploymentPostprocessing = 0;
		};
/* End PBXSourcesBuildPhase section */

/* Begin PBXTargetDependency section */
		5E3ADEF01A187A8300B4A10C /* PBXTargetDependency */ = {
			isa = PBXTargetDependency;
			target = 5E3ADED81A187A8300B4A10C /* StopWatch */;
			targetProxy = 5E3ADEEF1A187A8300B4A10C /* PBXContainerItemProxy */;
		};
/* End PBXTargetDependency section */

/* Begin PBXVariantGroup section */
		5E3ADEE21A187A8300B4A10C /* Main.storyboard */ = {
			isa = PBXVariantGroup;
			children = (
				5E3ADEE31A187A8300B4A10C /* Base */,
			);
			name = Main.storyboard;
			sourceTree = "<group>";
		};
		5E3ADEE71A187A8300B4A10C /* LaunchScreen.xib */ = {
			isa = PBXVariantGroup;
			children = (
				5E3ADEE81A187A8300B4A10C /* Base */,
			);
			name = LaunchScreen.xib;
			sourceTree = "<group>";
		};
/* End PBXVariantGroup section */

/* Begin XCBuildConfiguration section */
		5E3ADEF61A187A8300B4A10C /* Debug */ = {
			isa = XCBuildConfiguration;
			buildSettings = {
				ALWAYS_SEARCH_USER_PATHS = NO;
				CLANG_CXX_LANGUAGE_STANDARD = "gnu++0x";
				CLANG_CXX_LIBRARY = "libc++";
				CLANG_ENABLE_MODULES = YES;
				CLANG_ENABLE_OBJC_ARC = YES;
				CLANG_WARN_BOOL_CONVERSION = YES;
				CLANG_WARN_CONSTANT_CONVERSION = YES;
				CLANG_WARN_DIRECT_OBJC_ISA_USAGE = YES_ERROR;
				CLANG_WARN_EMPTY_BODY = YES;
				CLANG_WARN_ENUM_CONVERSION = YES;
				CLANG_WARN_INT_CONVERSION = YES;
				CLANG_WARN_OBJC_ROOT_CLASS = YES_ERROR;
				CLANG_WARN_UNREACHABLE_CODE = YES;
				CLANG_WARN__DUPLICATE_METHOD_MATCH = YES;
				"CODE_SIGN_IDENTITY[sdk=iphoneos*]" = "iPhone Developer";
				COPY_PHASE_STRIP = NO;
				ENABLE_STRICT_OBJC_MSGSEND = YES;
				GCC_C_LANGUAGE_STANDARD = gnu99;
				GCC_DYNAMIC_NO_PIC = NO;
				GCC_OPTIMIZATION_LEVEL = 0;
				GCC_PREPROCESSOR_DEFINITIONS = (
					"DEBUG=1",
					"$(inherited)",
				);
				GCC_SYMBOLS_PRIVATE_EXTERN = NO;
				GCC_WARN_64_TO_32_BIT_CONVERSION = YES;
				GCC_WARN_ABOUT_RETURN_TYPE = YES_ERROR;
				GCC_WARN_UNDECLARED_SELECTOR = YES;
				GCC_WARN_UNINITIALIZED_AUTOS = YES_AGGRESSIVE;
				GCC_WARN_UNUSED_FUNCTION = YES;
				GCC_WARN_UNUSED_VARIABLE = YES;
				IPHONEOS_DEPLOYMENT_TARGET = 8.1;
				MTL_ENABLE_DEBUG_INFO = YES;
				ONLY_ACTIVE_ARCH = YES;
				SDKROOT = iphoneos;
				SWIFT_OPTIMIZATION_LEVEL = "-Onone";
				TARGETED_DEVICE_FAMILY = "1,2";
			};
			name = Debug;
		};
		5E3ADEF71A187A8300B4A10C /* Release */ = {
			isa = XCBuildConfiguration;
			buildSettings = {
				ALWAYS_SEARCH_USER_PATHS = NO;
				CLANG_CXX_LANGUAGE_STANDARD = "gnu++0x";
				CLANG_CXX_LIBRARY = "libc++";
				CLANG_ENABLE_MODULES = YES;
				CLANG_ENABLE_OBJC_ARC = YES;
				CLANG_WARN_BOOL_CONVERSION = YES;
				CLANG_WARN_CONSTANT_CONVERSION = YES;
				CLANG_WARN_DIRECT_OBJC_ISA_USAGE = YES_ERROR;
				CLANG_WARN_EMPTY_BODY = YES;
				CLANG_WARN_ENUM_CONVERSION = YES;
				CLANG_WARN_INT_CONVERSION = YES;
				CLANG_WARN_OBJC_ROOT_CLASS = YES_ERROR;
				CLANG_WARN_UNREACHABLE_CODE = YES;
				CLANG_WARN__DUPLICATE_METHOD_MATCH = YES;
				"CODE_SIGN_IDENTITY[sdk=iphoneos*]" = "iPhone Developer";
				COPY_PHASE_STRIP = YES;
				ENABLE_NS_ASSERTIONS = NO;
				ENABLE_STRICT_OBJC_MSGSEND = YES;
				GCC_C_LANGUAGE_STANDARD = gnu99;
				GCC_WARN_64_TO_32_BIT_CONVERSION = YES;
				GCC_WARN_ABOUT_RETURN_TYPE = YES_ERROR;
				GCC_WARN_UNDECLARED_SELECTOR = YES;
				GCC_WARN_UNINITIALIZED_AUTOS = YES_AGGRESSIVE;
				GCC_WARN_UNUSED_FUNCTION = YES;
				GCC_WARN_UNUSED_VARIABLE = YES;
				IPHONEOS_DEPLOYMENT_TARGET = 8.1;
				MTL_ENABLE_DEBUG_INFO = NO;
				SDKROOT = iphoneos;
				TARGETED_DEVICE_FAMILY = "1,2";
				VALIDATE_PRODUCT = YES;
			};
			name = Release;
		};
		5E3ADEF91A187A8300B4A10C /* Debug */ = {
			isa = XCBuildConfiguration;
			buildSettings = {
				ASSETCATALOG_COMPILER_APPICON_NAME = AppIcon;
				INFOPLIST_FILE = StopWatch/Info.plist;
				LD_RUNPATH_SEARCH_PATHS = "$(inherited) @executable_path/Frameworks";
				PRODUCT_NAME = "$(TARGET_NAME)";
			};
			name = Debug;
		};
		5E3ADEFA1A187A8300B4A10C /* Release */ = {
			isa = XCBuildConfiguration;
			buildSettings = {
				ASSETCATALOG_COMPILER_APPICON_NAME = AppIcon;
				INFOPLIST_FILE = StopWatch/Info.plist;
				LD_RUNPATH_SEARCH_PATHS = "$(inherited) @executable_path/Frameworks";
				PRODUCT_NAME = "$(TARGET_NAME)";
			};
			name = Release;
		};
		5E3ADEFC1A187A8300B4A10C /* Debug */ = {
			isa = XCBuildConfiguration;
			buildSettings = {
				BUNDLE_LOADER = "$(TEST_HOST)";
				FRAMEWORK_SEARCH_PATHS = (
					"$(SDKROOT)/Developer/Library/Frameworks",
					"$(inherited)",
				);
				GCC_PREPROCESSOR_DEFINITIONS = (
					"DEBUG=1",
					"$(inherited)",
				);
				INFOPLIST_FILE = StopWatchTests/Info.plist;
				LD_RUNPATH_SEARCH_PATHS = "$(inherited) @executable_path/Frameworks @loader_path/Frameworks";
				PRODUCT_NAME = "$(TARGET_NAME)";
				TEST_HOST = "$(BUILT_PRODUCTS_DIR)/StopWatch.app/StopWatch";
			};
			name = Debug;
		};
		5E3ADEFD1A187A8300B4A10C /* Release */ = {
			isa = XCBuildConfiguration;
			buildSettings = {
				BUNDLE_LOADER = "$(TEST_HOST)";
				FRAMEWORK_SEARCH_PATHS = (
					"$(SDKROOT)/Developer/Library/Frameworks",
					"$(inherited)",
				);
				INFOPLIST_FILE = StopWatchTests/Info.plist;
				LD_RUNPATH_SEARCH_PATHS = "$(inherited) @executable_path/Frameworks @loader_path/Frameworks";
				PRODUCT_NAME = "$(TARGET_NAME)";
				TEST_HOST = "$(BUILT_PRODUCTS_DIR)/StopWatch.app/StopWatch";
			};
			name = Release;
		};
/* End XCBuildConfiguration section */

/* Begin XCConfigurationList section */
		5E3ADED41A187A8300B4A10C /* Build configuration list for PBXProject "StopWatch" */ = {
			isa = XCConfigurationList;
			buildConfigurations = (
				5E3ADEF61A187A8300B4A10C /* Debug */,
				5E3ADEF71A187A8300B4A10C /* Release */,
			);
			defaultConfigurationIsVisible = 0;
			defaultConfigurationName = Release;
		};
		5E3ADEF81A187A8300B4A10C /* Build configuration list for PBXNativeTarget "StopWatch" */ = {
			isa = XCConfigurationList;
			buildConfigurations = (
				5E3ADEF91A187A8300B4A10C /* Debug */,
				5E3ADEFA1A187A8300B4A10C /* Release */,
			);
			defaultConfigurationIsVisible = 0;
		};
		5E3ADEFB1A187A8300B4A10C /* Build configuration list for PBXNativeTarget "StopWatchTests" */ = {
			isa = XCConfigurationList;
			buildConfigurations = (
				5E3ADEFC1A187A8300B4A10C /* Debug */,
				5E3ADEFD1A187A8300B4A10C /* Release */,
			);
			defaultConfigurationIsVisible = 0;
		};
/* End XCConfigurationList section */
	};
	rootObject = 5E3ADED11A187A8300B4A10C /* Project object */;
}
